PODS:
  - AFNetworking (3.1.0):
    - AFNetworking/NSURLSession (= 3.1.0)
    - AFNetworking/Reachability (= 3.1.0)
    - AFNetworking/Security (= 3.1.0)
    - AFNetworking/Serialization (= 3.1.0)
    - AFNetworking/UIKit (= 3.1.0)
  - AFNetworking/NSURLSession (3.1.0):
    - AFNetworking/Reachability
    - AFNetworking/Security
    - AFNetworking/Serialization
  - AFNetworking/Reachability (3.1.0)
  - AFNetworking/Security (3.1.0)
  - AFNetworking/Serialization (3.1.0)
  - AFNetworking/UIKit (3.1.0):
    - AFNetworking/NSURLSession
  - AliPay (2.1.2)
  - WechatOpenSDK (1.7.7)

DEPENDENCIES:
  - AFNetworking
  - AliPay (~> 2.1.2)
  - WechatOpenSDK

SPEC CHECKSUMS:
  AFNetworking: 5e0e199f73d8626b11e79750991f5d173d1f8b67
  AliPay: 2bd35a4e486d2a8c035043023cd846e886bb21d1
  WechatOpenSDK: cbd332148eb792d444ed4eec94f421d98f2046ee

PODFILE CHECKSUM: dee6fb518fcdb965c9a933406da8b85aaf5677c4

COCOAPODS: 1.2.0
